// !$*UTF8*$!
{
	archiveVersion = 1;
	classes = {
	};
	objectVersion = 50;
	objects = {

/* Begin PBXBuildFile section */
		AF8D7E8920D93A5500DA0110 /* main.cpp in Sources */ = {isa = PBXBuildFile; fileRef = AF8D7E8820D93A5500DA0110 /* main.cpp */; };
/* End PBXBuildFile section */

/* Begin PBXCopyFilesBuildPhase section */
		AF8D7E8320D93A5500DA0110 /* CopyFiles */ = {
			isa = PBXCopyFilesBuildPhase;
			buildActionMask = 2147483647;
			dstPath = /usr/share/man/man1/;
			dstSubfolderSpec = 0;
			files = (
			);
			runOnlyForDeploymentPostprocessing = 1;
		};
/* End PBXCopyFilesBuildPhase section */

/* Begin PBXFileReference section */
		AF8D7E8520D93A5500DA0110 /* ahascript */ = {isa = PBXFileReference; explicitFileType = "compiled.mach-o.executable"; includeInIndex = 0; path = ahascript; sourceTree = BUILT_PRODUCTS_DIR; };
		AF8D7E8820D93A5500DA0110 /* main.cpp */ = {isa = PBXFileReference; lastKnownFileType = sourcecode.cpp.cpp; path = main.cpp; sourceTree = "<group>"; };
		AF8D7E8F20D93AAF00DA0110 /* Delimiters.hpp */ = {isa = PBXFileReference; lastKnownFileType = sourcecode.cpp.h; path = Delimiters.hpp; sourceTree = "<group>"; };
		AF8D7E9020D93FE400DA0110 /* Lexer.hpp */ = {isa = PBXFileReference; lastKnownFileType = sourcecode.cpp.h; path = Lexer.hpp; sourceTree = "<group>"; };
		AF8D7E9320D9556700DA0110 /* main.aha */ = {isa = PBXFileReference; lastKnownFileType = text; path = main.aha; sourceTree = "<group>"; };
		AF8D7E9420D9607200DA0110 /* Preprocessor.hpp */ = {isa = PBXFileReference; lastKnownFileType = sourcecode.cpp.h; path = Preprocessor.hpp; sourceTree = "<group>"; };
		AF8D7E9520D96A5400DA0110 /* PreprocessorToken.hpp */ = {isa = PBXFileReference; lastKnownFileType = sourcecode.cpp.h; path = PreprocessorToken.hpp; sourceTree = "<group>"; };
/* End PBXFileReference section */

/* Begin PBXFrameworksBuildPhase section */
		AF8D7E8220D93A5500DA0110 /* Frameworks */ = {
			isa = PBXFrameworksBuildPhase;
			buildActionMask = 2147483647;
			files = (
			);
			runOnlyForDeploymentPostprocessing = 0;
		};
/* End PBXFrameworksBuildPhase section */

/* Begin PBXGroup section */
		AF8D7E7C20D93A5500DA0110 = {
			isa = PBXGroup;
			children = (
				AF8D7E9120D9553C00DA0110 /* resources */,
				AF8D7E8720D93A5500DA0110 /* ahascript */,
				AF8D7E8620D93A5500DA0110 /* Products */,
			);
			sourceTree = "<group>";
		};
		AF8D7E8620D93A5500DA0110 /* Products */ = {
			isa = PBXGroup;
			children = (
				AF8D7E8520D93A5500DA0110 /* ahascript */,
			);
			name = Products;
			sourceTree = "<group>";
		};
		AF8D7E8720D93A5500DA0110 /* ahascript */ = {
			isa = PBXGroup;
			children = (
				AF8D7E8820D93A5500DA0110 /* main.cpp */,
				AF8D7E8F20D93AAF00DA0110 /* Delimiters.hpp */,
				AF8D7E9020D93FE400DA0110 /* Lexer.hpp */,
				AF8D7E9420D9607200DA0110 /* Preprocessor.hpp */,
				AF8D7E9520D96A5400DA0110 /* PreprocessorToken.hpp */,
			);
			path = ahascript;
			sourceTree = "<group>";
		};
		AF8D7E9120D9553C00DA0110 /* resources */ = {
			isa = PBXGroup;
			children = (
				AF8D7E9220D9553C00DA0110 /* scripts */,
			);
			path = resources;
			sourceTree = "<group>";
		};
		AF8D7E9220D9553C00DA0110 /* scripts */ = {
			isa = PBXGroup;
			children = (
				AF8D7E9320D9556700DA0110 /* main.aha */,
			);
			path = scripts;
			sourceTree = "<group>";
		};
/* End PBXGroup section */

/* Begin PBXNativeTarget section */
		AF8D7E8420D93A5500DA0110 /* ahascript */ = {
			isa = PBXNativeTarget;
			buildConfigurationList = AF8D7E8C20D93A5500DA0110 /* Build configuration list for PBXNativeTarget "ahascript" */;
			buildPhases = (
				AF8D7E8120D93A5500DA0110 /* Sources */,
				AF8D7E8220D93A5500DA0110 /* Frameworks */,
				AF8D7E8320D93A5500DA0110 /* CopyFiles */,
			);
			buildRules = (
			);
			dependencies = (
			);
			name = ahascript;
			productName = ahascript;
			productReference = AF8D7E8520D93A5500DA0110 /* ahascript */;
			productType = "com.apple.product-type.tool";
		};
/* End PBXNativeTarget section */

/* Begin PBXProject section */
		AF8D7E7D20D93A5500DA0110 /* Project object */ = {
			isa = PBXProject;
			attributes = {
				LastUpgradeCheck = 0930;
				ORGANIZATIONNAME = "Priyanshi Thakur";
				TargetAttributes = {
					AF8D7E8420D93A5500DA0110 = {
						CreatedOnToolsVersion = 9.3;
					};
				};
			};
			buildConfigurationList = AF8D7E8020D93A5500DA0110 /* Build configuration list for PBXProject "ahascript" */;
			compatibilityVersion = "Xcode 9.3";
			developmentRegion = en;
			hasScannedForEncodings = 0;
			knownRegions = (
				en,
			);
			mainGroup = AF8D7E7C20D93A5500DA0110;
			productRefGroup = AF8D7E8620D93A5500DA0110 /* Products */;
			projectDirPath = "";
			projectRoot = "";
			targets = (
				AF8D7E8420D93A5500DA0110 /* ahascript */,
			);
		};
/* End PBXProject section */

/* Begin PBXSourcesBuildPhase section */
		AF8D7E8120D93A5500DA0110 /* Sources */ = {
			isa = PBXSourcesBuildPhase;
			buildActionMask = 2147483647;
			files = (
				AF8D7E8920D93A5500DA0110 /* main.cpp in Sources */,
			);
			runOnlyForDeploymentPostprocessing = 0;
		};
/* End PBXSourcesBuildPhase section */

/* Begin XCBuildConfiguration section */
		AF8D7E8A20D93A5500DA0110 /* Debug */ = {
			isa = XCBuildConfiguration;
			buildSettings = {
				ALWAYS_SEARCH_USER_PATHS = NO;
				CLANG_ANALYZER_NONNULL = YES;
				CLANG_ANALYZER_NUMBER_OBJECT_CONVERSION = YES_AGGRESSIVE;
				CLANG_CXX_LANGUAGE_STANDARD = "gnu++14";
				CLANG_CXX_LIBRARY = "libc++";
				CLANG_ENABLE_MODULES = YES;
				CLANG_ENABLE_OBJC_ARC = YES;
				CLANG_ENABLE_OBJC_WEAK = YES;
				CLANG_WARN_BLOCK_CAPTURE_AUTORELEASING = YES;
				CLANG_WARN_BOOL_CONVERSION = YES;
				CLANG_WARN_COMMA = YES;
				CLANG_WARN_CONSTANT_CONVERSION = YES;
				CLANG_WARN_DEPRECATED_OBJC_IMPLEMENTATIONS = YES;
				CLANG_WARN_DIRECT_OBJC_ISA_USAGE = YES_ERROR;
				CLANG_WARN_DOCUMENTATION_COMMENTS = YES;
				CLANG_WARN_EMPTY_BODY = YES;
				CLANG_WARN_ENUM_CONVERSION = YES;
				CLANG_WARN_INFINITE_RECURSION = YES;
				CLANG_WARN_INT_CONVERSION = YES;
				CLANG_WARN_NON_LITERAL_NULL_CONVERSION = YES;
				CLANG_WARN_OBJC_IMPLICIT_RETAIN_SELF = YES;
				CLANG_WARN_OBJC_LITERAL_CONVERSION = YES;
				CLANG_WARN_OBJC_ROOT_CLASS = YES_ERROR;
				CLANG_WARN_RANGE_LOOP_ANALYSIS = YES;
				CLANG_WARN_STRICT_PROTOTYPES = YES;
				CLANG_WARN_SUSPICIOUS_MOVE = YES;
				CLANG_WARN_UNGUARDED_AVAILABILITY = YES_AGGRESSIVE;
				CLANG_WARN_UNREACHABLE_CODE = YES;
				CLANG_WARN__DUPLICATE_METHOD_MATCH = YES;
				CODE_SIGN_IDENTITY = "-";
				COPY_PHASE_STRIP = NO;
				DEBUG_INFORMATION_FORMAT = dwarf;
				ENABLE_STRICT_OBJC_MSGSEND = YES;
				ENABLE_TESTABILITY = YES;
				GCC_C_LANGUAGE_STANDARD = gnu11;
				GCC_DYNAMIC_NO_PIC = NO;
				GCC_NO_COMMON_BLOCKS = YES;
				GCC_OPTIMIZATION_LEVEL = 0;
				GCC_PREPROCESSOR_DEFINITIONS = (
					"DEBUG=1",
					"$(inherited)",
				);
				GCC_WARN_64_TO_32_BIT_CONVERSION = YES;
				GCC_WARN_ABOUT_RETURN_TYPE = YES_ERROR;
				GCC_WARN_UNDECLARED_SELECTOR = YES;
				GCC_WARN_UNINITIALIZED_AUTOS = YES_AGGRESSIVE;
				GCC_WARN_UNUSED_FUNCTION = YES;
				GCC_WARN_UNUSED_VARIABLE = YES;
				MACOSX_DEPLOYMENT_TARGET = 10.13;
				MTL_ENABLE_DEBUG_INFO = YES;
				ONLY_ACTIVE_ARCH = YES;
				SDKROOT = macosx;
			};
			name = Debug;
		};
		AF8D7E8B20D93A5500DA0110 /* Release */ = {
			isa = XCBuildConfiguration;
			buildSettings = {
				ALWAYS_SEARCH_USER_PATHS = NO;
				CLANG_ANALYZER_NONNULL = YES;
				CLANG_ANALYZER_NUMBER_OBJECT_CONVERSION = YES_AGGRESSIVE;
				CLANG_CXX_LANGUAGE_STANDARD = "gnu++14";
				CLANG_CXX_LIBRARY = "libc++";
				CLANG_ENABLE_MODULES = YES;
				CLANG_ENABLE_OBJC_ARC = YES;
				CLANG_ENABLE_OBJC_WEAK = YES;
				CLANG_WARN_BLOCK_CAPTURE_AUTORELEASING = YES;
				CLANG_WARN_BOOL_CONVERSION = YES;
				CLANG_WARN_COMMA = YES;
				CLANG_WARN_CONSTANT_CONVERSION = YES;
				CLANG_WARN_DEPRECATED_OBJC_IMPLEMENTATIONS = YES;
				CLANG_WARN_DIRECT_OBJC_ISA_USAGE = YES_ERROR;
				CLANG_WARN_DOCUMENTATION_COMMENTS = YES;
				CLANG_WARN_EMPTY_BODY = YES;
				CLANG_WARN_ENUM_CONVERSION = YES;
				CLANG_WARN_INFINITE_RECURSION = YES;
				CLANG_WARN_INT_CONVERSION = YES;
				CLANG_WARN_NON_LITERAL_NULL_CONVERSION = YES;
				CLANG_WARN_OBJC_IMPLICIT_RETAIN_SELF = YES;
				CLANG_WARN_OBJC_LITERAL_CONVERSION = YES;
				CLANG_WARN_OBJC_ROOT_CLASS = YES_ERROR;
				CLANG_WARN_RANGE_LOOP_ANALYSIS = YES;
				CLANG_WARN_STRICT_PROTOTYPES = YES;
				CLANG_WARN_SUSPICIOUS_MOVE = YES;
				CLANG_WARN_UNGUARDED_AVAILABILITY = YES_AGGRESSIVE;
				CLANG_WARN_UNREACHABLE_CODE = YES;
				CLANG_WARN__DUPLICATE_METHOD_MATCH = YES;
				CODE_SIGN_IDENTITY = "-";
				COPY_PHASE_STRIP = NO;
				DEBUG_INFORMATION_FORMAT = "dwarf-with-dsym";
				ENABLE_NS_ASSERTIONS = NO;
				ENABLE_STRICT_OBJC_MSGSEND = YES;
				GCC_C_LANGUAGE_STANDARD = gnu11;
				GCC_NO_COMMON_BLOCKS = YES;
				GCC_WARN_64_TO_32_BIT_CONVERSION = YES;
				GCC_WARN_ABOUT_RETURN_TYPE = YES_ERROR;
				GCC_WARN_UNDECLARED_SELECTOR = YES;
				GCC_WARN_UNINITIALIZED_AUTOS = YES_AGGRESSIVE;
				GCC_WARN_UNUSED_FUNCTION = YES;
				GCC_WARN_UNUSED_VARIABLE = YES;
				MACOSX_DEPLOYMENT_TARGET = 10.13;
				MTL_ENABLE_DEBUG_INFO = NO;
				SDKROOT = macosx;
			};
			name = Release;
		};
		AF8D7E8D20D93A5500DA0110 /* Debug */ = {
			isa = XCBuildConfiguration;
			buildSettings = {
				CLANG_CXX_LANGUAGE_STANDARD = "gnu++17";
				CODE_SIGN_STYLE = Automatic;
				PRODUCT_NAME = "$(TARGET_NAME)";
			};
			name = Debug;
		};
		AF8D7E8E20D93A5500DA0110 /* Release */ = {
			isa = XCBuildConfiguration;
			buildSettings = {
				CLANG_CXX_LANGUAGE_STANDARD = "gnu++17";
				CODE_SIGN_STYLE = Automatic;
				PRODUCT_NAME = "$(TARGET_NAME)";
			};
			name = Release;
		};
/* End XCBuildConfiguration section */

/* Begin XCConfigurationList section */
		AF8D7E8020D93A5500DA0110 /* Build configuration list for PBXProject "ahascript" */ = {
			isa = XCConfigurationList;
			buildConfigurations = (
				AF8D7E8A20D93A5500DA0110 /* Debug */,
				AF8D7E8B20D93A5500DA0110 /* Release */,
			);
			defaultConfigurationIsVisible = 0;
			defaultConfigurationName = Release;
		};
		AF8D7E8C20D93A5500DA0110 /* Build configuration list for PBXNativeTarget "ahascript" */ = {
			isa = XCConfigurationList;
			buildConfigurations = (
				AF8D7E8D20D93A5500DA0110 /* Debug */,
				AF8D7E8E20D93A5500DA0110 /* Release */,
			);
			defaultConfigurationIsVisible = 0;
			defaultConfigurationName = Release;
		};
/* End XCConfigurationList section */
	};
	rootObject = AF8D7E7D20D93A5500DA0110 /* Project object */;
}
